{
  "name": "1id",
  "version": "2.2.1",
  "lockfileVersion": 3,
  "requires": true,
  "packages": {
    "": {
      "name": "1id",
      "version": "2.2.1",
      "license": "Apache-2.0",
      "devDependencies": {
        "@types/node": "^25.3.0",
        "typescript": "^5.4"
      },
      "engines": {
        "node": ">=18.0.0"
      },
      "optionalDependencies": {
        "smartcard": "^3.7.0"
      }
    },
    "node_modules/@types/node": {
      "version": "25.3.0",
      "resolved": "https://registry.npmjs.org/@types/node/-/node-25.3.0.tgz",
      "integrity": "sha512-4K3bqJpXpqfg2XKGK9bpDTc6xO/xoUP/RBWS7AtRMug6zZFaRekiLzjVtAoZMquxoAbzBvy5nxQ7veS5eYzf8A==",
      "dev": true,
      "license": "MIT",
      "dependencies": {
        "undici-types": "~7.18.0"
      }
    },
    "node_modules/node-addon-api": {
      "version": "7.1.1",
      "resolved": "https://registry.npmjs.org/node-addon-api/-/node-addon-api-7.1.1.tgz",
      "integrity": "sha512-5m3bsyrjFWE1xf7nz7YXdN4udnVtXK6/Yfgn5qnahL6bCkf2yKt4k3nuTKAtT4r3IG8JNR2ncsIMdZuAzJjHQQ==",
      "license": "MIT",
      "optional": true
    },
    "node_modules/smartcard": {
      "version": "3.7.2",
      "resolved": "https://registry.npmjs.org/smartcard/-/smartcard-3.7.2.tgz",
      "integrity": "sha512-V23d1rxC7Y3S7SFpBFL8bZERhFUcQsr1kFtB6pbfnS1/fcZx44RqgA9EUrpICxFEdprrz/igRRbhsUoj5l130w==",
      "hasInstallScript": true,
      "license": "MIT",
      "optional": true,
      "os": [
        "darwin",
        "linux",
        "win32"
      ],
      "dependencies": {
        "node-addon-api": "^7.0.0"
      },
      "engines": {
        "node": ">=18.0.0"
      }
    },
    "node_modules/typescript": {
      "version": "5.9.3",
      "resolved": "https://registry.npmjs.org/typescript/-/typescript-5.9.3.tgz",
      "integrity": "sha512-jl1vZzPDinLr9eUt3J/t7V6FgNEw9QjvBPdysz9KfQDD41fQrC2Y4vKQdiaUpFT4bXlb1RHhLpp8wtm6M5TgSw==",
      "dev": true,
      "license": "Apache-2.0",
      "bin": {
        "tsc": "bin/tsc",
        "tsserver": "bin/tsserver"
      },
      "engines": {
        "node": ">=14.17"
      }
    },
    "node_modules/undici-types": {
      "version": "7.18.2",
      "resolved": "https://registry.npmjs.org/undici-types/-/undici-types-7.18.2.tgz",
      "integrity": "sha512-AsuCzffGHJybSaRrmr5eHr81mwJU3kjw6M+uprWvCXiNeN9SOGwQ3Jn8jb8m3Z6izVgknn1R0FTCEAP2QrLY/w==",
      "dev": true,
      "license": "MIT"
    }
  }
}
